
Microsoft Visual Studio Solution File, Format Version 12.00
# Visual Studio Version 17
VisualStudioVersion = 17.1.32328.378
MinimumVisualStudioVersion = 10.0.40219.1
Project("{FAE04EC0-301F-11D3-BF4B-00C04F79EFBC}") = "Primeiro_Programa", "Primeiro_Programa\Primeiro_Programa.csproj", "{D3C6FF47-C446-45E8-9B2B-4CA9C40B420C}"
EndProject
Global
	GlobalSection(SolutionConfigurationPlatforms) = preSolution
		Debug|Any CPU = Debug|Any CPU
		Release|Any CPU = Release|Any CPU
	EndGlobalSection
	GlobalSection(ProjectConfigurationPlatforms) = postSolution
		{D3C6FF47-C446-45E8-9B2B-4CA9C40B420C}.Debug|Any CPU.ActiveCfg = Debug|Any CPU
		{D3C6FF47-C446-45E8-9B2B-4CA9C40B420C}.Debug|Any CPU.Build.0 = Debug|Any CPU
		{D3C6FF47-C446-45E8-9B2B-4CA9C40B420C}.Release|Any CPU.ActiveCfg = Release|Any CPU
		{D3C6FF47-C446-45E8-9B2B-4CA9C40B420C}.Release|Any CPU.Build.0 = Release|Any CPU
	EndGlobalSection
	GlobalSection(SolutionProperties) = preSolution
		HideSolutionNode = FALSE
	EndGlobalSection
	GlobalSection(ExtensibilityGlobals) = postSolution
		SolutionGuid = {EB4EC9B9-9A74-4DB2-843A-77D5D0D2B98D}
	EndGlobalSection
EndGlobal
