
Microsoft Visual Studio Solution File, Format Version 12.00
# Visual Studio Version 17
VisualStudioVersion = 17.1.32328.378
MinimumVisualStudioVersion = 10.0.40219.1
Project("{FAE04EC0-301F-11D3-BF4B-00C04F79EFBC}") = "JogoDaVelha_xComputador", "JogoDaVelha_xComputador\JogoDaVelha_xComputador.csproj", "{DA55931D-1399-4A65-A25F-C3EC6F939C91}"
EndProject
Global
	GlobalSection(SolutionConfigurationPlatforms) = preSolution
		Debug|Any CPU = Debug|Any CPU
		Release|Any CPU = Release|Any CPU
	EndGlobalSection
	GlobalSection(ProjectConfigurationPlatforms) = postSolution
		{DA55931D-1399-4A65-A25F-C3EC6F939C91}.Debug|Any CPU.ActiveCfg = Debug|Any CPU
		{DA55931D-1399-4A65-A25F-C3EC6F939C91}.Debug|Any CPU.Build.0 = Debug|Any CPU
		{DA55931D-1399-4A65-A25F-C3EC6F939C91}.Release|Any CPU.ActiveCfg = Release|Any CPU
		{DA55931D-1399-4A65-A25F-C3EC6F939C91}.Release|Any CPU.Build.0 = Release|Any CPU
	EndGlobalSection
	GlobalSection(SolutionProperties) = preSolution
		HideSolutionNode = FALSE
	EndGlobalSection
	GlobalSection(ExtensibilityGlobals) = postSolution
		SolutionGuid = {9ED2BF11-B50D-4618-8B63-52628C32386B}
	EndGlobalSection
EndGlobal
